// !$*UTF8*$!
{
	archiveVersion = 1;
	classes = {
	};
	objectVersion = 77;
	objects = {

/* Begin PBXBuildFile section */
		D9257BD12ECF2179006D1C4A /* DrinksShopView.swift in Sources */ = {isa = PBXBuildFile; fileRef = D9257BC52ECF2179006D1C4A /* DrinksShopView.swift */; };
		D9257BD22ECF2179006D1C4A /* DueDatePopupView.swift in Sources */ = {isa = PBXBuildFile; fileRef = D9257BC62ECF2179006D1C4A /* DueDatePopupView.swift */; };
		D9257BD32ECF2179006D1C4A /* FoodShopView.swift in Sources */ = {isa = PBXBuildFile; fileRef = D9257BC92ECF2179006D1C4A /* FoodShopView.swift */; };
		D9257BD42ECF2179006D1C4A /* ReflectionArchive.swift in Sources */ = {isa = PBXBuildFile; fileRef = D9257BCE2ECF2179006D1C4A /* ReflectionArchive.swift */; };
		D9257BD62ECF2179006D1C4A /* ContentView.swift in Sources */ = {isa = PBXBuildFile; fileRef = D9257BC42ECF2179006D1C4A /* ContentView.swift */; };
		D9257BD72ECF2179006D1C4A /* GoalDetail.swift in Sources */ = {isa = PBXBuildFile; fileRef = D9257BCC2ECF2179006D1C4A /* GoalDetail.swift */; };
		D9257BD82ECF2179006D1C4A /* ExtendDueDateView.swift in Sources */ = {isa = PBXBuildFile; fileRef = D9257BC72ECF2179006D1C4A /* ExtendDueDateView.swift */; };
		D9257BD92ECF2179006D1C4A /* Goal.swift in Sources */ = {isa = PBXBuildFile; fileRef = D9257BCA2ECF2179006D1C4A /* Goal.swift */; };
		D9257BDA2ECF2179006D1C4A /* SomeGoalsAppApp.swift in Sources */ = {isa = PBXBuildFile; fileRef = D9257BCF2ECF2179006D1C4A /* SomeGoalsAppApp.swift */; };
		D9257BDB2ECF2179006D1C4A /* AddSubGoalPopupView.swift in Sources */ = {isa = PBXBuildFile; fileRef = D9257BC12ECF2179006D1C4A /* AddSubGoalPopupView.swift */; };
		D9257BDC2ECF2179006D1C4A /* HomeView.swift in Sources */ = {isa = PBXBuildFile; fileRef = D9257BCD2ECF2179006D1C4A /* HomeView.swift */; };
		D9257BDD2ECF2179006D1C4A /* FailOrSuccessView.swift in Sources */ = {isa = PBXBuildFile; fileRef = D9257BC82ECF2179006D1C4A /* FailOrSuccessView.swift */; };
		D9257BDE2ECF2179006D1C4A /* UserData.swift in Sources */ = {isa = PBXBuildFile; fileRef = D9257BD02ECF2179006D1C4A /* UserData.swift */; };
		D9257BDF2ECF2179006D1C4A /* BigGoalCharacterView.swift in Sources */ = {isa = PBXBuildFile; fileRef = D9257BC32ECF2179006D1C4A /* BigGoalCharacterView.swift */; };
		D9257BE02ECF2179006D1C4A /* AddGoalPopup.swift in Sources */ = {isa = PBXBuildFile; fileRef = D9257BBF2ECF2179006D1C4A /* AddGoalPopup.swift */; };
		D9257BE12ECF2179006D1C4A /* GoalCard.swift in Sources */ = {isa = PBXBuildFile; fileRef = D9257BCB2ECF2179006D1C4A /* GoalCard.swift */; };
		D9257BE22ECF2179006D1C4A /* Assets.xcassets in Resources */ = {isa = PBXBuildFile; fileRef = D9257BC22ECF2179006D1C4A /* Assets.xcassets */; };
		D9257BE42ECF2921006D1C4A /* ReflectionSheetView.swift in Sources */ = {isa = PBXBuildFile; fileRef = D9257BE32ECF2921006D1C4A /* ReflectionSheetView.swift */; };
/* End PBXBuildFile section */

/* Begin PBXFileReference section */
		D9257BBF2ECF2179006D1C4A /* AddGoalPopup.swift */ = {isa = PBXFileReference; lastKnownFileType = sourcecode.swift; path = AddGoalPopup.swift; sourceTree = "<group>"; };
		D9257BC12ECF2179006D1C4A /* AddSubGoalPopupView.swift */ = {isa = PBXFileReference; lastKnownFileType = sourcecode.swift; path = AddSubGoalPopupView.swift; sourceTree = "<group>"; };
		D9257BC22ECF2179006D1C4A /* Assets.xcassets */ = {isa = PBXFileReference; lastKnownFileType = folder.assetcatalog; path = Assets.xcassets; sourceTree = "<group>"; };
		D9257BC32ECF2179006D1C4A /* BigGoalCharacterView.swift */ = {isa = PBXFileReference; lastKnownFileType = sourcecode.swift; path = BigGoalCharacterView.swift; sourceTree = "<group>"; };
		D9257BC42ECF2179006D1C4A /* ContentView.swift */ = {isa = PBXFileReference; lastKnownFileType = sourcecode.swift; path = ContentView.swift; sourceTree = "<group>"; };
		D9257BC52ECF2179006D1C4A /* DrinksShopView.swift */ = {isa = PBXFileReference; lastKnownFileType = sourcecode.swift; path = DrinksShopView.swift; sourceTree = "<group>"; };
		D9257BC62ECF2179006D1C4A /* DueDatePopupView.swift */ = {isa = PBXFileReference; lastKnownFileType = sourcecode.swift; path = DueDatePopupView.swift; sourceTree = "<group>"; };
		D9257BC72ECF2179006D1C4A /* ExtendDueDateView.swift */ = {isa = PBXFileReference; lastKnownFileType = sourcecode.swift; path = ExtendDueDateView.swift; sourceTree = "<group>"; };
		D9257BC82ECF2179006D1C4A /* FailOrSuccessView.swift */ = {isa = PBXFileReference; lastKnownFileType = sourcecode.swift; path = FailOrSuccessView.swift; sourceTree = "<group>"; };
		D9257BC92ECF2179006D1C4A /* FoodShopView.swift */ = {isa = PBXFileReference; lastKnownFileType = sourcecode.swift; path = FoodShopView.swift; sourceTree = "<group>"; };
		D9257BCA2ECF2179006D1C4A /* Goal.swift */ = {isa = PBXFileReference; lastKnownFileType = sourcecode.swift; path = Goal.swift; sourceTree = "<group>"; };
		D9257BCB2ECF2179006D1C4A /* GoalCard.swift */ = {isa = PBXFileReference; lastKnownFileType = sourcecode.swift; path = GoalCard.swift; sourceTree = "<group>"; };
		D9257BCC2ECF2179006D1C4A /* GoalDetail.swift */ = {isa = PBXFileReference; lastKnownFileType = sourcecode.swift; path = GoalDetail.swift; sourceTree = "<group>"; };
		D9257BCD2ECF2179006D1C4A /* HomeView.swift */ = {isa = PBXFileReference; lastKnownFileType = sourcecode.swift; path = HomeView.swift; sourceTree = "<group>"; };
		D9257BCE2ECF2179006D1C4A /* ReflectionArchive.swift */ = {isa = PBXFileReference; lastKnownFileType = sourcecode.swift; path = ReflectionArchive.swift; sourceTree = "<group>"; };
		D9257BCF2ECF2179006D1C4A /* SomeGoalsAppApp.swift */ = {isa = PBXFileReference; lastKnownFileType = sourcecode.swift; path = SomeGoalsAppApp.swift; sourceTree = "<group>"; };
		D9257BD02ECF2179006D1C4A /* UserData.swift */ = {isa = PBXFileReference; lastKnownFileType = sourcecode.swift; path = UserData.swift; sourceTree = "<group>"; };
		D9257BE32ECF2921006D1C4A /* ReflectionSheetView.swift */ = {isa = PBXFileReference; lastKnownFileType = sourcecode.swift; path = ReflectionSheetView.swift; sourceTree = "<group>"; };
		D9E07C672EC715BE00516559 /* SomeGoalsApp.app */ = {isa = PBXFileReference; explicitFileType = wrapper.application; includeInIndex = 0; path = SomeGoalsApp.app; sourceTree = BUILT_PRODUCTS_DIR; };
/* End PBXFileReference section */

/* Begin PBXFileSystemSynchronizedRootGroup section */
		D9E07C692EC715BE00516559 /* SomeGoalsApp */ = {
			isa = PBXFileSystemSynchronizedRootGroup;
			path = SomeGoalsApp;
			sourceTree = "<group>";
		};
/* End PBXFileSystemSynchronizedRootGroup section */

/* Begin PBXFrameworksBuildPhase section */
		D9E07C642EC715BE00516559 /* Frameworks */ = {
			isa = PBXFrameworksBuildPhase;
			buildActionMask = 2147483647;
			files = (
			);
			runOnlyForDeploymentPostprocessing = 0;
		};
/* End PBXFrameworksBuildPhase section */

/* Begin PBXGroup section */
		D9E07C5E2EC715BE00516559 = {
			isa = PBXGroup;
			children = (
				D9E07C692EC715BE00516559 /* SomeGoalsApp */,
				D9E07C682EC715BE00516559 /* Products */,
				D9257BBF2ECF2179006D1C4A /* AddGoalPopup.swift */,
				D9257BE32ECF2921006D1C4A /* ReflectionSheetView.swift */,
				D9257BC12ECF2179006D1C4A /* AddSubGoalPopupView.swift */,
				D9257BC22ECF2179006D1C4A /* Assets.xcassets */,
				D9257BC32ECF2179006D1C4A /* BigGoalCharacterView.swift */,
				D9257BC42ECF2179006D1C4A /* ContentView.swift */,
				D9257BC52ECF2179006D1C4A /* DrinksShopView.swift */,
				D9257BC62ECF2179006D1C4A /* DueDatePopupView.swift */,
				D9257BC72ECF2179006D1C4A /* ExtendDueDateView.swift */,
				D9257BC82ECF2179006D1C4A /* FailOrSuccessView.swift */,
				D9257BC92ECF2179006D1C4A /* FoodShopView.swift */,
				D9257BCA2ECF2179006D1C4A /* Goal.swift */,
				D9257BCB2ECF2179006D1C4A /* GoalCard.swift */,
				D9257BCC2ECF2179006D1C4A /* GoalDetail.swift */,
				D9257BCD2ECF2179006D1C4A /* HomeView.swift */,
				D9257BCE2ECF2179006D1C4A /* ReflectionArchive.swift */,
				D9257BCF2ECF2179006D1C4A /* SomeGoalsAppApp.swift */,
				D9257BD02ECF2179006D1C4A /* UserData.swift */,
			);
			sourceTree = "<group>";
		};
		D9E07C682EC715BE00516559 /* Products */ = {
			isa = PBXGroup;
			children = (
				D9E07C672EC715BE00516559 /* SomeGoalsApp.app */,
			);
			name = Products;
			sourceTree = "<group>";
		};
/* End PBXGroup section */

/* Begin PBXNativeTarget section */
		D9E07C662EC715BE00516559 /* SomeGoalsApp */ = {
			isa = PBXNativeTarget;
			buildConfigurationList = D9E07C722EC715BF00516559 /* Build configuration list for PBXNativeTarget "SomeGoalsApp" */;
			buildPhases = (
				D9E07C632EC715BE00516559 /* Sources */,
				D9E07C642EC715BE00516559 /* Frameworks */,
				D9E07C652EC715BE00516559 /* Resources */,
			);
			buildRules = (
			);
			dependencies = (
			);
			fileSystemSynchronizedGroups = (
				D9E07C692EC715BE00516559 /* SomeGoalsApp */,
			);
			name = SomeGoalsApp;
			packageProductDependencies = (
			);
			productName = SomeGoalsApp;
			productReference = D9E07C672EC715BE00516559 /* SomeGoalsApp.app */;
			productType = "com.apple.product-type.application";
		};
/* End PBXNativeTarget section */

/* Begin PBXProject section */
		D9E07C5F2EC715BE00516559 /* Project object */ = {
			isa = PBXProject;
			attributes = {
				BuildIndependentTargetsInParallel = 1;
				LastSwiftUpdateCheck = 2610;
				LastUpgradeCheck = 2610;
				TargetAttributes = {
					D9E07C662EC715BE00516559 = {
						CreatedOnToolsVersion = 26.1.1;
						LastSwiftMigration = 2610;
					};
				};
			};
			buildConfigurationList = D9E07C622EC715BE00516559 /* Build configuration list for PBXProject "SomeGoalsApp" */;
			developmentRegion = en;
			hasScannedForEncodings = 0;
			knownRegions = (
				en,
				Base,
			);
			mainGroup = D9E07C5E2EC715BE00516559;
			minimizedProjectReferenceProxies = 1;
			preferredProjectObjectVersion = 77;
			productRefGroup = D9E07C682EC715BE00516559 /* Products */;
			projectDirPath = "";
			projectRoot = "";
			targets = (
				D9E07C662EC715BE00516559 /* SomeGoalsApp */,
			);
		};
/* End PBXProject section */

/* Begin PBXResourcesBuildPhase section */
		D9E07C652EC715BE00516559 /* Resources */ = {
			isa = PBXResourcesBuildPhase;
			buildActionMask = 2147483647;
			files = (
				D9257BE22ECF2179006D1C4A /* Assets.xcassets in Resources */,
			);
			runOnlyForDeploymentPostprocessing = 0;
		};
/* End PBXResourcesBuildPhase section */

/* Begin PBXSourcesBuildPhase section */
		D9E07C632EC715BE00516559 /* Sources */ = {
			isa = PBXSourcesBuildPhase;
			buildActionMask = 2147483647;
			files = (
				D9257BD12ECF2179006D1C4A /* DrinksShopView.swift in Sources */,
				D9257BD22ECF2179006D1C4A /* DueDatePopupView.swift in Sources */,
				D9257BD32ECF2179006D1C4A /* FoodShopView.swift in Sources */,
				D9257BD42ECF2179006D1C4A /* ReflectionArchive.swift in Sources */,
				D9257BD62ECF2179006D1C4A /* ContentView.swift in Sources */,
				D9257BD72ECF2179006D1C4A /* GoalDetail.swift in Sources */,
				D9257BD82ECF2179006D1C4A /* ExtendDueDateView.swift in Sources */,
				D9257BD92ECF2179006D1C4A /* Goal.swift in Sources */,
				D9257BDA2ECF2179006D1C4A /* SomeGoalsAppApp.swift in Sources */,
				D9257BDB2ECF2179006D1C4A /* AddSubGoalPopupView.swift in Sources */,
				D9257BE42ECF2921006D1C4A /* ReflectionSheetView.swift in Sources */,
				D9257BDC2ECF2179006D1C4A /* HomeView.swift in Sources */,
				D9257BDD2ECF2179006D1C4A /* FailOrSuccessView.swift in Sources */,
				D9257BDE2ECF2179006D1C4A /* UserData.swift in Sources */,
				D9257BDF2ECF2179006D1C4A /* BigGoalCharacterView.swift in Sources */,
				D9257BE02ECF2179006D1C4A /* AddGoalPopup.swift in Sources */,
				D9257BE12ECF2179006D1C4A /* GoalCard.swift in Sources */,
			);
			runOnlyForDeploymentPostprocessing = 0;
		};
/* End PBXSourcesBuildPhase section */

/* Begin XCBuildConfiguration section */
		D9E07C702EC715BF00516559 /* Debug */ = {
			isa = XCBuildConfiguration;
			buildSettings = {
				ALWAYS_SEARCH_USER_PATHS = NO;
				ASSETCATALOG_COMPILER_GENERATE_SWIFT_ASSET_SYMBOL_EXTENSIONS = YES;
				CLANG_ANALYZER_NONNULL = YES;
				CLANG_ANALYZER_NUMBER_OBJECT_CONVERSION = YES_AGGRESSIVE;
				CLANG_CXX_LANGUAGE_STANDARD = "gnu++20";
				CLANG_ENABLE_MODULES = YES;
				CLANG_ENABLE_OBJC_ARC = YES;
				CLANG_ENABLE_OBJC_WEAK = YES;
				CLANG_WARN_BLOCK_CAPTURE_AUTORELEASING = YES;
				CLANG_WARN_BOOL_CONVERSION = YES;
				CLANG_WARN_COMMA = YES;
				CLANG_WARN_CONSTANT_CONVERSION = YES;
				CLANG_WARN_DEPRECATED_OBJC_IMPLEMENTATIONS = YES;
				CLANG_WARN_DIRECT_OBJC_ISA_USAGE = YES_ERROR;
				CLANG_WARN_DOCUMENTATION_COMMENTS = YES;
				CLANG_WARN_EMPTY_BODY = YES;
				CLANG_WARN_ENUM_CONVERSION = YES;
				CLANG_WARN_INFINITE_RECURSION = YES;
				CLANG_WARN_INT_CONVERSION = YES;
				CLANG_WARN_NON_LITERAL_NULL_CONVERSION = YES;
				CLANG_WARN_OBJC_IMPLICIT_RETAIN_SELF = YES;
				CLANG_WARN_OBJC_LITERAL_CONVERSION = YES;
				CLANG_WARN_OBJC_ROOT_CLASS = YES_ERROR;
				CLANG_WARN_QUOTED_INCLUDE_IN_FRAMEWORK_HEADER = YES;
				CLANG_WARN_RANGE_LOOP_ANALYSIS = YES;
				CLANG_WARN_STRICT_PROTOTYPES = YES;
				CLANG_WARN_SUSPICIOUS_MOVE = YES;
				CLANG_WARN_UNGUARDED_AVAILABILITY = YES_AGGRESSIVE;
				CLANG_WARN_UNREACHABLE_CODE = YES;
				CLANG_WARN__DUPLICATE_METHOD_MATCH = YES;
				COPY_PHASE_STRIP = NO;
				DEBUG_INFORMATION_FORMAT = dwarf;
				ENABLE_STRICT_OBJC_MSGSEND = YES;
				ENABLE_TESTABILITY = YES;
				ENABLE_USER_SCRIPT_SANDBOXING = YES;
				GCC_C_LANGUAGE_STANDARD = gnu17;
				GCC_DYNAMIC_NO_PIC = NO;
				GCC_NO_COMMON_BLOCKS = YES;
				GCC_OPTIMIZATION_LEVEL = 0;
				GCC_PREPROCESSOR_DEFINITIONS = (
					"DEBUG=1",
					"$(inherited)",
				);
				GCC_WARN_64_TO_32_BIT_CONVERSION = YES;
				GCC_WARN_ABOUT_RETURN_TYPE = YES_ERROR;
				GCC_WARN_UNDECLARED_SELECTOR = YES;
				GCC_WARN_UNINITIALIZED_AUTOS = YES_AGGRESSIVE;
				GCC_WARN_UNUSED_FUNCTION = YES;
				GCC_WARN_UNUSED_VARIABLE = YES;
				IPHONEOS_DEPLOYMENT_TARGET = 26.1;
				LOCALIZATION_PREFERS_STRING_CATALOGS = YES;
				MTL_ENABLE_DEBUG_INFO = INCLUDE_SOURCE;
				MTL_FAST_MATH = YES;
				ONLY_ACTIVE_ARCH = YES;
				SDKROOT = iphoneos;
				SWIFT_ACTIVE_COMPILATION_CONDITIONS = "DEBUG $(inherited)";
				SWIFT_OPTIMIZATION_LEVEL = "-Onone";
			};
			name = Debug;
		};
		D9E07C712EC715BF00516559 /* Release */ = {
			isa = XCBuildConfiguration;
			buildSettings = {
				ALWAYS_SEARCH_USER_PATHS = NO;
				ASSETCATALOG_COMPILER_GENERATE_SWIFT_ASSET_SYMBOL_EXTENSIONS = YES;
				CLANG_ANALYZER_NONNULL = YES;
				CLANG_ANALYZER_NUMBER_OBJECT_CONVERSION = YES_AGGRESSIVE;
				CLANG_CXX_LANGUAGE_STANDARD = "gnu++20";
				CLANG_ENABLE_MODULES = YES;
				CLANG_ENABLE_OBJC_ARC = YES;
				CLANG_ENABLE_OBJC_WEAK = YES;
				CLANG_WARN_BLOCK_CAPTURE_AUTORELEASING = YES;
				CLANG_WARN_BOOL_CONVERSION = YES;
				CLANG_WARN_COMMA = YES;
				CLANG_WARN_CONSTANT_CONVERSION = YES;
				CLANG_WARN_DEPRECATED_OBJC_IMPLEMENTATIONS = YES;
				CLANG_WARN_DIRECT_OBJC_ISA_USAGE = YES_ERROR;
				CLANG_WARN_DOCUMENTATION_COMMENTS = YES;
				CLANG_WARN_EMPTY_BODY = YES;
				CLANG_WARN_ENUM_CONVERSION = YES;
				CLANG_WARN_INFINITE_RECURSION = YES;
				CLANG_WARN_INT_CONVERSION = YES;
				CLANG_WARN_NON_LITERAL_NULL_CONVERSION = YES;
				CLANG_WARN_OBJC_IMPLICIT_RETAIN_SELF = YES;
				CLANG_WARN_OBJC_LITERAL_CONVERSION = YES;
				CLANG_WARN_OBJC_ROOT_CLASS = YES_ERROR;
				CLANG_WARN_QUOTED_INCLUDE_IN_FRAMEWORK_HEADER = YES;
				CLANG_WARN_RANGE_LOOP_ANALYSIS = YES;
				CLANG_WARN_STRICT_PROTOTYPES = YES;
				CLANG_WARN_SUSPICIOUS_MOVE = YES;
				CLANG_WARN_UNGUARDED_AVAILABILITY = YES_AGGRESSIVE;
				CLANG_WARN_UNREACHABLE_CODE = YES;
				CLANG_WARN__DUPLICATE_METHOD_MATCH = YES;
				COPY_PHASE_STRIP = NO;
				DEBUG_INFORMATION_FORMAT = "dwarf-with-dsym";
				ENABLE_NS_ASSERTIONS = NO;
				ENABLE_STRICT_OBJC_MSGSEND = YES;
				ENABLE_USER_SCRIPT_SANDBOXING = YES;
				GCC_C_LANGUAGE_STANDARD = gnu17;
				GCC_NO_COMMON_BLOCKS = YES;
				GCC_WARN_64_TO_32_BIT_CONVERSION = YES;
				GCC_WARN_ABOUT_RETURN_TYPE = YES_ERROR;
				GCC_WARN_UNDECLARED_SELECTOR = YES;
				GCC_WARN_UNINITIALIZED_AUTOS = YES_AGGRESSIVE;
				GCC_WARN_UNUSED_FUNCTION = YES;
				GCC_WARN_UNUSED_VARIABLE = YES;
				IPHONEOS_DEPLOYMENT_TARGET = 26.1;
				LOCALIZATION_PREFERS_STRING_CATALOGS = YES;
				MTL_ENABLE_DEBUG_INFO = NO;
				MTL_FAST_MATH = YES;
				SDKROOT = iphoneos;
				SWIFT_COMPILATION_MODE = wholemodule;
				VALIDATE_PRODUCT = YES;
			};
			name = Release;
		};
		D9E07C732EC715BF00516559 /* Debug */ = {
			isa = XCBuildConfiguration;
			buildSettings = {
				ASSETCATALOG_COMPILER_APPICON_NAME = AppIcon;
				ASSETCATALOG_COMPILER_GLOBAL_ACCENT_COLOR_NAME = AccentColor;
				CLANG_ENABLE_MODULES = YES;
				CODE_SIGN_STYLE = Automatic;
				CURRENT_PROJECT_VERSION = 1;
				ENABLE_PREVIEWS = YES;
				GENERATE_INFOPLIST_FILE = YES;
				INFOPLIST_KEY_UIApplicationSceneManifest_Generation = YES;
				INFOPLIST_KEY_UIApplicationSupportsIndirectInputEvents = YES;
				INFOPLIST_KEY_UILaunchScreen_Generation = YES;
				INFOPLIST_KEY_UISupportedInterfaceOrientations_iPad = "UIInterfaceOrientationPortrait UIInterfaceOrientationPortraitUpsideDown UIInterfaceOrientationLandscapeLeft UIInterfaceOrientationLandscapeRight";
				INFOPLIST_KEY_UISupportedInterfaceOrientations_iPhone = "UIInterfaceOrientationPortrait UIInterfaceOrientationLandscapeLeft UIInterfaceOrientationLandscapeRight";
				IPHONEOS_DEPLOYMENT_TARGET = 18.0;
				LD_RUNPATH_SEARCH_PATHS = (
					"$(inherited)",
					"@executable_path/Frameworks",
				);
				MARKETING_VERSION = 1.0;
				PRODUCT_BUNDLE_IDENTIFIER = org.swiftinsg.SomeGoalsApp;
				PRODUCT_NAME = "$(TARGET_NAME)";
				STRING_CATALOG_GENERATE_SYMBOLS = YES;
				SWIFT_APPROACHABLE_CONCURRENCY = YES;
				SWIFT_DEFAULT_ACTOR_ISOLATION = MainActor;
				SWIFT_EMIT_LOC_STRINGS = YES;
				SWIFT_OPTIMIZATION_LEVEL = "-Onone";
				SWIFT_UPCOMING_FEATURE_MEMBER_IMPORT_VISIBILITY = YES;
				SWIFT_VERSION = 5.0;
				TARGETED_DEVICE_FAMILY = "1,2";
			};
			name = Debug;
		};
		D9E07C742EC715BF00516559 /* Release */ = {
			isa = XCBuildConfiguration;
			buildSettings = {
				ASSETCATALOG_COMPILER_APPICON_NAME = AppIcon;
				ASSETCATALOG_COMPILER_GLOBAL_ACCENT_COLOR_NAME = AccentColor;
				CLANG_ENABLE_MODULES = YES;
				CODE_SIGN_STYLE = Automatic;
				CURRENT_PROJECT_VERSION = 1;
				ENABLE_PREVIEWS = YES;
				GENERATE_INFOPLIST_FILE = YES;
				INFOPLIST_KEY_UIApplicationSceneManifest_Generation = YES;
				INFOPLIST_KEY_UIApplicationSupportsIndirectInputEvents = YES;
				INFOPLIST_KEY_UILaunchScreen_Generation = YES;
				INFOPLIST_KEY_UISupportedInterfaceOrientations_iPad = "UIInterfaceOrientationPortrait UIInterfaceOrientationPortraitUpsideDown UIInterfaceOrientationLandscapeLeft UIInterfaceOrientationLandscapeRight";
				INFOPLIST_KEY_UISupportedInterfaceOrientations_iPhone = "UIInterfaceOrientationPortrait UIInterfaceOrientationLandscapeLeft UIInterfaceOrientationLandscapeRight";
				IPHONEOS_DEPLOYMENT_TARGET = 18.0;
				LD_RUNPATH_SEARCH_PATHS = (
					"$(inherited)",
					"@executable_path/Frameworks",
				);
				MARKETING_VERSION = 1.0;
				PRODUCT_BUNDLE_IDENTIFIER = org.swiftinsg.SomeGoalsApp;
				PRODUCT_NAME = "$(TARGET_NAME)";
				STRING_CATALOG_GENERATE_SYMBOLS = YES;
				SWIFT_APPROACHABLE_CONCURRENCY = YES;
				SWIFT_DEFAULT_ACTOR_ISOLATION = MainActor;
				SWIFT_EMIT_LOC_STRINGS = YES;
				SWIFT_UPCOMING_FEATURE_MEMBER_IMPORT_VISIBILITY = YES;
				SWIFT_VERSION = 5.0;
				TARGETED_DEVICE_FAMILY = "1,2";
			};
			name = Release;
		};
/* End XCBuildConfiguration section */

/* Begin XCConfigurationList section */
		D9E07C622EC715BE00516559 /* Build configuration list for PBXProject "SomeGoalsApp" */ = {
			isa = XCConfigurationList;
			buildConfigurations = (
				D9E07C702EC715BF00516559 /* Debug */,
				D9E07C712EC715BF00516559 /* Release */,
			);
			defaultConfigurationIsVisible = 0;
			defaultConfigurationName = Release;
		};
		D9E07C722EC715BF00516559 /* Build configuration list for PBXNativeTarget "SomeGoalsApp" */ = {
			isa = XCConfigurationList;
			buildConfigurations = (
				D9E07C732EC715BF00516559 /* Debug */,
				D9E07C742EC715BF00516559 /* Release */,
			);
			defaultConfigurationIsVisible = 0;
			defaultConfigurationName = Release;
		};
/* End XCConfigurationList section */
	};
	rootObject = D9E07C5F2EC715BE00516559 /* Project object */;
}
